# This file is automatically @generated by Cargo.
# It is not intended for manual editing.
version = 4

[[package]]
name = "hc-api"
version = "0.1.0"

[[package]]
name = "hc-cli"
version = "0.1.0"

[[package]]
name = "hc-control-plane"
version = "0.1.0"

[[package]]
name = "hc-domain"
version = "0.1.0"

[[package]]
name = "hc-ffi"
version = "0.1.0"

[[package]]
name = "hc-runtime"
version = "0.1.0"

[[package]]
name = "hc-storage"
version = "0.1.0"

[[package]]
name = "hc-workflow"
version = "0.1.0"
